
Microsoft Visual Studio Solution File, Format Version 12.00
# Visual Studio Version 17
VisualStudioVersion = 17.1.32210.238
MinimumVisualStudioVersion = 10.0.40219.1
Project("{888888A0-9F3D-457C-B088-3A5042F75D52}") = "filipino_curse_word_monitoring", "filipino_curse_word_monitoring.pyproj", "{3308D56A-5B45-4CD8-A79D-74694C70A25A}"
EndProject
Global
	GlobalSection(SolutionConfigurationPlatforms) = preSolution
		Debug|Any CPU = Debug|Any CPU
		Release|Any CPU = Release|Any CPU
	EndGlobalSection
	GlobalSection(ProjectConfigurationPlatforms) = postSolution
		{3308D56A-5B45-4CD8-A79D-74694C70A25A}.Debug|Any CPU.ActiveCfg = Debug|Any CPU
		{3308D56A-5B45-4CD8-A79D-74694C70A25A}.Release|Any CPU.ActiveCfg = Release|Any CPU
	EndGlobalSection
	GlobalSection(SolutionProperties) = preSolution
		HideSolutionNode = FALSE
	EndGlobalSection
	GlobalSection(ExtensibilityGlobals) = postSolution
		SolutionGuid = {702DC164-C4FA-430C-9C6F-6CBE486283E2}
	EndGlobalSection
EndGlobal
